
Microsoft Visual Studio Solution File, Format Version 12.00
# Visual Studio Version 17
VisualStudioVersion = 17.4.33213.308
MinimumVisualStudioVersion = 10.0.40219.1
Project("{9A19103F-16F7-4668-BE54-9A1E7A4F7556}") = "GrindeaHellMode", "GrindeaHellMode.csproj", "{885B7A8E-0B33-4713-8CDC-C9AE8A95750F}"
EndProject
Global
	GlobalSection(SolutionConfigurationPlatforms) = preSolution
		Debug|x86 = Debug|x86
		Release|x86 = Release|x86
	EndGlobalSection
	GlobalSection(ProjectConfigurationPlatforms) = postSolution
		{885B7A8E-0B33-4713-8CDC-C9AE8A95750F}.Debug|x86.ActiveCfg = Debug|x86
		{885B7A8E-0B33-4713-8CDC-C9AE8A95750F}.Debug|x86.Build.0 = Debug|x86
		{885B7A8E-0B33-4713-8CDC-C9AE8A95750F}.Release|x86.ActiveCfg = Release|x86
		{885B7A8E-0B33-4713-8CDC-C9AE8A95750F}.Release|x86.Build.0 = Release|x86
	EndGlobalSection
	GlobalSection(SolutionProperties) = preSolution
		HideSolutionNode = FALSE
	EndGlobalSection
	GlobalSection(ExtensibilityGlobals) = postSolution
		SolutionGuid = {4BEEAFCA-6CF4-48CA-9B28-B0F1D1260749}
	EndGlobalSection
EndGlobal
